{
  "name": "patch-demo",
  "version": "1.0.0",
  "lockfileVersion": 1,
  "requires": true,
  "dependencies": {
    "lodash._baseclone": {
      "version": "4.5.7",
      "resolved": "https://registry.npmjs.org/lodash._baseclone/-/lodash._baseclone-4.5.7.tgz",
      "integrity": "sha1-zkKt4IOE711i+nfDD2GkbmhvhDQ="
    },
    "lodash._isiterateecall": {
      "version": "3.0.9",
      "resolved": "https://registry.npmjs.org/lodash._isiterateecall/-/lodash._isiterateecall-3.0.9.tgz",
      "integrity": "sha1-UgOte6Ql+uhCRg5pbbnPPmqsBXw="
    },
    "lodash._stack": {
      "version": "4.1.3",
      "resolved": "https://registry.npmjs.org/lodash._stack/-/lodash._stack-4.1.3.tgz",
      "integrity": "sha1-dRqnbBuWSwR+dtFPxyoJP8teLdA="
    },
    "lodash.flatten": {
      "version": "4.4.0",
      "resolved": "https://registry.npmjs.org/lodash.flatten/-/lodash.flatten-4.4.0.tgz",
      "integrity": "sha1-8xwiIlqWMtK7+OSt2+8kCqdlph8="
    },
    "lodash.isplainobject": {
      "version": "4.0.6",
      "resolved": "https://registry.npmjs.org/lodash.isplainobject/-/lodash.isplainobject-4.0.6.tgz",
      "integrity": "sha1-fFJqUtibRcRcxpC4gWO+BJf1UMs="
    },
    "lodash.keysin": {
      "version": "4.2.0",
      "resolved": "https://registry.npmjs.org/lodash.keysin/-/lodash.keysin-4.2.0.tgz",
      "integrity": "sha1-jMP7NcLZSsxEOhhj4C+kB5nqbyg="
    },
    "lodash.mergewith": {
      "version": "4.3.5",
      "resolved": "https://registry.npmjs.org/lodash.mergewith/-/lodash.mergewith-4.3.5.tgz",
      "integrity": "sha1-WjhQtI+hHrWMVMQOXCxyvkdtKDU=",
      "requires": {
        "lodash._baseclone": "~4.5.0",
        "lodash._stack": "~4.1.0",
        "lodash.isplainobject": "^4.0.0",
        "lodash.keysin": "^4.0.0",
        "lodash.rest": "^4.0.0"
      }
    },
    "lodash.rest": {
      "version": "4.0.5",
      "resolved": "https://registry.npmjs.org/lodash.rest/-/lodash.rest-4.0.5.tgz",
      "integrity": "sha1-lU73UEkmIDjJbR/Jiyj9r58Hcqo="
    },
    "timarney-module1": {
      "version": "1.0.1",
      "resolved": "https://registry.npmjs.org/timarney-module1/-/timarney-module1-1.0.1.tgz",
      "integrity": "sha512-Ag9liLZN7Wu1mO0foabtz4yD65n/c+xXxGWUWCWTZc7DO2DhKUxjWsd4+qIN971sBgxQ9afE4OFHKS+JKxEraw==",
      "requires": {
        "lodash.flatten": "^4.4.0"
      }
    },
    "timarney-module2": {
      "version": "1.0.3",
      "resolved": "https://registry.npmjs.org/timarney-module2/-/timarney-module2-1.0.3.tgz",
      "integrity": "sha512-+GUxHIvvVANjsUSyzLQLlj+j5Q0DhbcvIEbcoqtzOT4he52EJQc7PxYwH5fmeeemVj1uHacdyjZNaNdm3lVTZA==",
      "requires": {
        "lodash.flatten": "^4.4.0",
        "lodash.mergewith": "4.3.5"
      }
    },
    "timarney-module3": {
      "version": "1.0.1",
      "resolved": "https://registry.npmjs.org/timarney-module3/-/timarney-module3-1.0.1.tgz",
      "integrity": "sha512-33sydnQkOREYaaDn3P6hhNk28Fa+eVDpP0qwsuvA1EpDeuRR5xAiG/E7JHV3KgOjt9glJ8XPY7A2/qGnhJwm0Q==",
      "requires": {
        "lodash.flatten": "^3.0.2"
      },
      "dependencies": {
        "lodash._baseflatten": {
          "version": "3.1.4",
          "resolved": "https://registry.npmjs.org/lodash._baseflatten/-/lodash._baseflatten-3.1.4.tgz",
          "integrity": "sha1-B3D/gBMa9uNPO1EXlqe6UhTmX/c=",
          "requires": {
            "lodash.isarguments": "^3.0.0",
            "lodash.isarray": "^3.0.0"
          }
        },
        "lodash.flatten": {
          "version": "3.0.2",
          "resolved": "https://registry.npmjs.org/lodash.flatten/-/lodash.flatten-3.0.2.tgz",
          "integrity": "sha1-3hz1d1j49EeTGdNcPpzGDEUBk4w=",
          "requires": {
            "lodash._baseflatten": "^3.0.0",
            "lodash._isiterateecall": "^3.0.0"
          }
        },
        "lodash.isarguments": {
          "version": "3.1.0",
          "resolved": "https://registry.npmjs.org/lodash.isarguments/-/lodash.isarguments-3.1.0.tgz",
          "integrity": "sha1-L1c9hcaiQon/AGY7SRwdM4/zRYo="
        },
        "lodash.isarray": {
          "version": "3.0.4",
          "resolved": "https://registry.npmjs.org/lodash.isarray/-/lodash.isarray-3.0.4.tgz",
          "integrity": "sha1-eeTriMNqgSKvhvhEqpvNhRtfu1U="
        }
      }
    }
  }
}
