{
  "name": "patch-demo",
  "version": "1.0.0",
  "lockfileVersion": 1,
  "requires": true,
  "dependencies": {
    "lodash._baseflatten": {
      "version": "3.1.4",
      "resolved": "https://registry.npmjs.org/lodash._baseflatten/-/lodash._baseflatten-3.1.4.tgz",
      "integrity": "sha1-B3D/gBMa9uNPO1EXlqe6UhTmX/c=",
      "requires": {
        "lodash.isarguments": "^3.0.0",
        "lodash.isarray": "^3.0.0"
      }
    },
    "lodash._isiterateecall": {
      "version": "3.0.9",
      "resolved": "https://registry.npmjs.org/lodash._isiterateecall/-/lodash._isiterateecall-3.0.9.tgz",
      "integrity": "sha1-UgOte6Ql+uhCRg5pbbnPPmqsBXw="
    },
    "lodash.flatten": {
      "version": "4.4.0",
      "resolved": "https://registry.npmjs.org/lodash.flatten/-/lodash.flatten-4.4.0.tgz",
      "integrity": "sha1-8xwiIlqWMtK7+OSt2+8kCqdlph8="
    },
    "lodash.isarguments": {
      "version": "3.1.0",
      "resolved": "https://registry.npmjs.org/lodash.isarguments/-/lodash.isarguments-3.1.0.tgz",
      "integrity": "sha1-L1c9hcaiQon/AGY7SRwdM4/zRYo="
    },
    "lodash.isarray": {
      "version": "3.0.4",
      "resolved": "https://registry.npmjs.org/lodash.isarray/-/lodash.isarray-3.0.4.tgz",
      "integrity": "sha1-eeTriMNqgSKvhvhEqpvNhRtfu1U="
    },
    "timarney-module1": {
      "version": "1.0.1",
      "resolved": "https://registry.npmjs.org/timarney-module1/-/timarney-module1-1.0.1.tgz",
      "integrity": "sha512-Ag9liLZN7Wu1mO0foabtz4yD65n/c+xXxGWUWCWTZc7DO2DhKUxjWsd4+qIN971sBgxQ9afE4OFHKS+JKxEraw==",
      "requires": {
        "lodash.flatten": "^4.4.0"
      }
    },
    "timarney-module2": {
      "version": "github:timarney/patch-demo-module2#9a1464d49e158d0402cb920043a4689847787523",
      "from": "github:timarney/patch-demo-module2#master",
      "requires": {
        "lodash.flatten": "^4.4.0"
      }
    },
    "timarney-module3": {
      "version": "1.0.1",
      "resolved": "https://registry.npmjs.org/timarney-module3/-/timarney-module3-1.0.1.tgz",
      "integrity": "sha512-33sydnQkOREYaaDn3P6hhNk28Fa+eVDpP0qwsuvA1EpDeuRR5xAiG/E7JHV3KgOjt9glJ8XPY7A2/qGnhJwm0Q==",
      "requires": {
        "lodash.flatten": "^3.0.2"
      },
      "dependencies": {
        "lodash.flatten": {
          "version": "3.0.2",
          "resolved": "https://registry.npmjs.org/lodash.flatten/-/lodash.flatten-3.0.2.tgz",
          "integrity": "sha1-3hz1d1j49EeTGdNcPpzGDEUBk4w=",
          "requires": {
            "lodash._baseflatten": "^3.0.0",
            "lodash._isiterateecall": "^3.0.0"
          }
        }
      }
    }
  }
}
